<?xml version="1.0" encoding="UTF-8" standalone="yes" ?>
<CodeBlocks_project_file>
	<FileVersion major="1" minor="6" />
	<Project>
		<Option title="test_board" />
		<Option pch_mode="2" />
		<Option compiler="gcc" />
		<Build>
			<Target title="debug">
				<Option output="bin/test_board" prefix_auto="0" extension_auto="0" />
				<Option object_output="obj/debug" />
				<Option type="1" />
				<Option compiler="gcc" />
				<Compiler>
					<Add option="-g" />
					<Add option="-DDEBUG" />
					<Add option="-mtune=native -march=native" />
					<Add option="-std=c++11" />
					<Add option="-W -Wall -Wextra" />
					<Add option="-pipe" />
				</Compiler>
				<Linker>
					<Add option="-g" />
				</Linker>
			</Target>
			<Target title="release">
				<Option output="bin/test_board" prefix_auto="0" extension_auto="0" />
				<Option object_output="obj/release" />
				<Option type="1" />
				<Option compiler="gcc" />
				<Compiler>
					<Add option="-O3" />
					<Add option="-mtune=native -march=native" />
					<Add option="-std=c++11" />
					<Add option="-W -Wall -Wextra" />
					<Add option="-pipe" />
				</Compiler>
				<Linker>
					<Add option="-s" />
				</Linker>
			</Target>
		</Build>
		<Unit filename="src/Cellule_lettre.cpp" />
		<Unit filename="src/Cellule_lettre.hpp" />
		<Unit filename="src/Joueur.hpp" />
		<Unit filename="src/arrete.cpp" />
		<Unit filename="src/arrete.hpp" />
		<Unit filename="src/board.cpp" />
		<Unit filename="src/board.hpp" />
		<Unit filename="src/bonus.cpp" />
		<Unit filename="src/bonus.hpp" />
		<Unit filename="src/dictionnaire.cpp" />
		<Unit filename="src/dictionnaire.hpp" />
		<Unit filename="src/gaddag.cpp" />
		<Unit filename="src/gaddag.hpp" />
		<Unit filename="src/joueur.cpp" />
		<Unit filename="src/lettre.cpp" />
		<Unit filename="src/lettre_joueurs.cpp" />
		<Unit filename="src/lettre_joueurs.hpp" />
		<Unit filename="src/noeud.cpp" />
		<Unit filename="src/noeud.hpp" />
		<Unit filename="src/sac_de_lettres.cpp" />
		<Unit filename="src/sac_de_lettres.hpp" />
		<Unit filename="src/scrabble.cpp" />
		<Unit filename="src/scrabble.hpp" />
		<Unit filename="src/spot.cpp" />
		<Unit filename="src/spot.hpp" />
		<Unit filename="src/test_board.cpp" />
		<Extensions>
			<code_completion />
			<debugger />
		</Extensions>
	</Project>
</CodeBlocks_project_file>
